// !$*UTF8*$!
{
	archiveVersion = 1;
	classes = {
	};
	objectVersion = 56;
	objects = {

/* Begin PBXBuildFile section */
		1071C4832A3CAE8D00FC055D /* FavoriteMovieView.swift in Sources */ = {isa = PBXBuildFile; fileRef = 1071C4822A3CAE8D00FC055D /* FavoriteMovieView.swift */; };
		109087582A3CE0CB00DD2C2D /* Movie.xcdatamodeld in Sources */ = {isa = PBXBuildFile; fileRef = 109087562A3CE0CB00DD2C2D /* Movie.xcdatamodeld */; };
		1090875A2A3CE1A200DD2C2D /* DataController.swift in Sources */ = {isa = PBXBuildFile; fileRef = 109087592A3CE1A200DD2C2D /* DataController.swift */; };
		10A231C42A3C5D36009FC60E /* MovieAppApp.swift in Sources */ = {isa = PBXBuildFile; fileRef = 10A231C32A3C5D36009FC60E /* MovieAppApp.swift */; };
		10A231C62A3C5D36009FC60E /* ContentView.swift in Sources */ = {isa = PBXBuildFile; fileRef = 10A231C52A3C5D36009FC60E /* ContentView.swift */; };
		10A231C82A3C5D38009FC60E /* Assets.xcassets in Resources */ = {isa = PBXBuildFile; fileRef = 10A231C72A3C5D38009FC60E /* Assets.xcassets */; };
		10A231CB2A3C5D38009FC60E /* Preview Assets.xcassets in Resources */ = {isa = PBXBuildFile; fileRef = 10A231CA2A3C5D38009FC60E /* Preview Assets.xcassets */; };
		10A231D52A3C5EAF009FC60E /* Movie.swift in Sources */ = {isa = PBXBuildFile; fileRef = 10A231D42A3C5EAF009FC60E /* Movie.swift */; };
		10A231D72A3C5EC6009FC60E /* MovieViewModel.swift in Sources */ = {isa = PBXBuildFile; fileRef = 10A231D62A3C5EC6009FC60E /* MovieViewModel.swift */; };
		10A231DB2A3C6598009FC60E /* MovieDetailView.swift in Sources */ = {isa = PBXBuildFile; fileRef = 10A231DA2A3C6598009FC60E /* MovieDetailView.swift */; };
		10A231DD2A3C7BAE009FC60E /* Genre.swift in Sources */ = {isa = PBXBuildFile; fileRef = 10A231DC2A3C7BAE009FC60E /* Genre.swift */; };
		10A231DF2A3C7C55009FC60E /* FilterView.swift in Sources */ = {isa = PBXBuildFile; fileRef = 10A231DE2A3C7C55009FC60E /* FilterView.swift */; };
/* End PBXBuildFile section */

/* Begin PBXFileReference section */
		1071C4822A3CAE8D00FC055D /* FavoriteMovieView.swift */ = {isa = PBXFileReference; lastKnownFileType = sourcecode.swift; path = FavoriteMovieView.swift; sourceTree = "<group>"; };
		109087572A3CE0CB00DD2C2D /* Movie.xcdatamodel */ = {isa = PBXFileReference; lastKnownFileType = wrapper.xcdatamodel; path = Movie.xcdatamodel; sourceTree = "<group>"; };
		109087592A3CE1A200DD2C2D /* DataController.swift */ = {isa = PBXFileReference; lastKnownFileType = sourcecode.swift; path = DataController.swift; sourceTree = "<group>"; };
		10A231C02A3C5D36009FC60E /* MovieApp.app */ = {isa = PBXFileReference; explicitFileType = wrapper.application; includeInIndex = 0; path = MovieApp.app; sourceTree = BUILT_PRODUCTS_DIR; };
		10A231C32A3C5D36009FC60E /* MovieAppApp.swift */ = {isa = PBXFileReference; lastKnownFileType = sourcecode.swift; path = MovieAppApp.swift; sourceTree = "<group>"; };
		10A231C52A3C5D36009FC60E /* ContentView.swift */ = {isa = PBXFileReference; lastKnownFileType = sourcecode.swift; path = ContentView.swift; sourceTree = "<group>"; };
		10A231C72A3C5D38009FC60E /* Assets.xcassets */ = {isa = PBXFileReference; lastKnownFileType = folder.assetcatalog; path = Assets.xcassets; sourceTree = "<group>"; };
		10A231CA2A3C5D38009FC60E /* Preview Assets.xcassets */ = {isa = PBXFileReference; lastKnownFileType = folder.assetcatalog; path = "Preview Assets.xcassets"; sourceTree = "<group>"; };
		10A231D42A3C5EAF009FC60E /* Movie.swift */ = {isa = PBXFileReference; lastKnownFileType = sourcecode.swift; path = Movie.swift; sourceTree = "<group>"; };
		10A231D62A3C5EC6009FC60E /* MovieViewModel.swift */ = {isa = PBXFileReference; lastKnownFileType = sourcecode.swift; path = MovieViewModel.swift; sourceTree = "<group>"; };
		10A231DA2A3C6598009FC60E /* MovieDetailView.swift */ = {isa = PBXFileReference; lastKnownFileType = sourcecode.swift; path = MovieDetailView.swift; sourceTree = "<group>"; };
		10A231DC2A3C7BAE009FC60E /* Genre.swift */ = {isa = PBXFileReference; lastKnownFileType = sourcecode.swift; path = Genre.swift; sourceTree = "<group>"; };
		10A231DE2A3C7C55009FC60E /* FilterView.swift */ = {isa = PBXFileReference; lastKnownFileType = sourcecode.swift; path = FilterView.swift; sourceTree = "<group>"; };
/* End PBXFileReference section */

/* Begin PBXFrameworksBuildPhase section */
		10A231BD2A3C5D36009FC60E /* Frameworks */ = {
			isa = PBXFrameworksBuildPhase;
			buildActionMask = 2147483647;
			files = (
			);
			runOnlyForDeploymentPostprocessing = 0;
		};
/* End PBXFrameworksBuildPhase section */

/* Begin PBXGroup section */
		10A231B72A3C5D36009FC60E = {
			isa = PBXGroup;
			children = (
				10A231C22A3C5D36009FC60E /* MovieApp */,
				10A231C12A3C5D36009FC60E /* Products */,
			);
			sourceTree = "<group>";
		};
		10A231C12A3C5D36009FC60E /* Products */ = {
			isa = PBXGroup;
			children = (
				10A231C02A3C5D36009FC60E /* MovieApp.app */,
			);
			name = Products;
			sourceTree = "<group>";
		};
		10A231C22A3C5D36009FC60E /* MovieApp */ = {
			isa = PBXGroup;
			children = (
				10A231D32A3C5E96009FC60E /* ViewModel */,
				10A231D22A3C5E90009FC60E /* View */,
				10A231D12A3C5E8A009FC60E /* Model */,
				10A231C32A3C5D36009FC60E /* MovieAppApp.swift */,
				109087592A3CE1A200DD2C2D /* DataController.swift */,
				109087562A3CE0CB00DD2C2D /* Movie.xcdatamodeld */,
				10A231C72A3C5D38009FC60E /* Assets.xcassets */,
				10A231C92A3C5D38009FC60E /* Preview Content */,
			);
			path = MovieApp;
			sourceTree = "<group>";
		};
		10A231C92A3C5D38009FC60E /* Preview Content */ = {
			isa = PBXGroup;
			children = (
				10A231CA2A3C5D38009FC60E /* Preview Assets.xcassets */,
			);
			path = "Preview Content";
			sourceTree = "<group>";
		};
		10A231D12A3C5E8A009FC60E /* Model */ = {
			isa = PBXGroup;
			children = (
				10A231D42A3C5EAF009FC60E /* Movie.swift */,
				10A231DC2A3C7BAE009FC60E /* Genre.swift */,
			);
			path = Model;
			sourceTree = "<group>";
		};
		10A231D22A3C5E90009FC60E /* View */ = {
			isa = PBXGroup;
			children = (
				10A231C52A3C5D36009FC60E /* ContentView.swift */,
				10A231DA2A3C6598009FC60E /* MovieDetailView.swift */,
				10A231DE2A3C7C55009FC60E /* FilterView.swift */,
				1071C4822A3CAE8D00FC055D /* FavoriteMovieView.swift */,
			);
			path = View;
			sourceTree = "<group>";
		};
		10A231D32A3C5E96009FC60E /* ViewModel */ = {
			isa = PBXGroup;
			children = (
				10A231D62A3C5EC6009FC60E /* MovieViewModel.swift */,
			);
			path = ViewModel;
			sourceTree = "<group>";
		};
/* End PBXGroup section */

/* Begin PBXNativeTarget section */
		10A231BF2A3C5D36009FC60E /* MovieApp */ = {
			isa = PBXNativeTarget;
			buildConfigurationList = 10A231CE2A3C5D38009FC60E /* Build configuration list for PBXNativeTarget "MovieApp" */;
			buildPhases = (
				10A231BC2A3C5D36009FC60E /* Sources */,
				10A231BD2A3C5D36009FC60E /* Frameworks */,
				10A231BE2A3C5D36009FC60E /* Resources */,
			);
			buildRules = (
			);
			dependencies = (
			);
			name = MovieApp;
			productName = MovieApp;
			productReference = 10A231C02A3C5D36009FC60E /* MovieApp.app */;
			productType = "com.apple.product-type.application";
		};
/* End PBXNativeTarget section */

/* Begin PBXProject section */
		10A231B82A3C5D36009FC60E /* Project object */ = {
			isa = PBXProject;
			attributes = {
				BuildIndependentTargetsInParallel = 1;
				LastSwiftUpdateCheck = 1430;
				LastUpgradeCheck = 1430;
				TargetAttributes = {
					10A231BF2A3C5D36009FC60E = {
						CreatedOnToolsVersion = 14.3;
					};
				};
			};
			buildConfigurationList = 10A231BB2A3C5D36009FC60E /* Build configuration list for PBXProject "MovieApp" */;
			compatibilityVersion = "Xcode 14.0";
			developmentRegion = en;
			hasScannedForEncodings = 0;
			knownRegions = (
				en,
				Base,
			);
			mainGroup = 10A231B72A3C5D36009FC60E;
			productRefGroup = 10A231C12A3C5D36009FC60E /* Products */;
			projectDirPath = "";
			projectRoot = "";
			targets = (
				10A231BF2A3C5D36009FC60E /* MovieApp */,
			);
		};
/* End PBXProject section */

/* Begin PBXResourcesBuildPhase section */
		10A231BE2A3C5D36009FC60E /* Resources */ = {
			isa = PBXResourcesBuildPhase;
			buildActionMask = 2147483647;
			files = (
				10A231CB2A3C5D38009FC60E /* Preview Assets.xcassets in Resources */,
				10A231C82A3C5D38009FC60E /* Assets.xcassets in Resources */,
			);
			runOnlyForDeploymentPostprocessing = 0;
		};
/* End PBXResourcesBuildPhase section */

/* Begin PBXSourcesBuildPhase section */
		10A231BC2A3C5D36009FC60E /* Sources */ = {
			isa = PBXSourcesBuildPhase;
			buildActionMask = 2147483647;
			files = (
				10A231DF2A3C7C55009FC60E /* FilterView.swift in Sources */,
				10A231C62A3C5D36009FC60E /* ContentView.swift in Sources */,
				10A231C42A3C5D36009FC60E /* MovieAppApp.swift in Sources */,
				10A231D52A3C5EAF009FC60E /* Movie.swift in Sources */,
				10A231DD2A3C7BAE009FC60E /* Genre.swift in Sources */,
				1090875A2A3CE1A200DD2C2D /* DataController.swift in Sources */,
				1071C4832A3CAE8D00FC055D /* FavoriteMovieView.swift in Sources */,
				10A231DB2A3C6598009FC60E /* MovieDetailView.swift in Sources */,
				109087582A3CE0CB00DD2C2D /* Movie.xcdatamodeld in Sources */,
				10A231D72A3C5EC6009FC60E /* MovieViewModel.swift in Sources */,
			);
			runOnlyForDeploymentPostprocessing = 0;
		};
/* End PBXSourcesBuildPhase section */

/* Begin XCBuildConfiguration section */
		10A231CC2A3C5D38009FC60E /* Debug */ = {
			isa = XCBuildConfiguration;
			buildSettings = {
				ALWAYS_SEARCH_USER_PATHS = NO;
				CLANG_ANALYZER_NONNULL = YES;
				CLANG_ANALYZER_NUMBER_OBJECT_CONVERSION = YES_AGGRESSIVE;
				CLANG_CXX_LANGUAGE_STANDARD = "gnu++20";
				CLANG_ENABLE_MODULES = YES;
				CLANG_ENABLE_OBJC_ARC = YES;
				CLANG_ENABLE_OBJC_WEAK = YES;
				CLANG_WARN_BLOCK_CAPTURE_AUTORELEASING = YES;
				CLANG_WARN_BOOL_CONVERSION = YES;
				CLANG_WARN_COMMA = YES;
				CLANG_WARN_CONSTANT_CONVERSION = YES;
				CLANG_WARN_DEPRECATED_OBJC_IMPLEMENTATIONS = YES;
				CLANG_WARN_DIRECT_OBJC_ISA_USAGE = YES_ERROR;
				CLANG_WARN_DOCUMENTATION_COMMENTS = YES;
				CLANG_WARN_EMPTY_BODY = YES;
				CLANG_WARN_ENUM_CONVERSION = YES;
				CLANG_WARN_INFINITE_RECURSION = YES;
				CLANG_WARN_INT_CONVERSION = YES;
				CLANG_WARN_NON_LITERAL_NULL_CONVERSION = YES;
				CLANG_WARN_OBJC_IMPLICIT_RETAIN_SELF = YES;
				CLANG_WARN_OBJC_LITERAL_CONVERSION = YES;
				CLANG_WARN_OBJC_ROOT_CLASS = YES_ERROR;
				CLANG_WARN_QUOTED_INCLUDE_IN_FRAMEWORK_HEADER = YES;
				CLANG_WARN_RANGE_LOOP_ANALYSIS = YES;
				CLANG_WARN_STRICT_PROTOTYPES = YES;
				CLANG_WARN_SUSPICIOUS_MOVE = YES;
				CLANG_WARN_UNGUARDED_AVAILABILITY = YES_AGGRESSIVE;
				CLANG_WARN_UNREACHABLE_CODE = YES;
				CLANG_WARN__DUPLICATE_METHOD_MATCH = YES;
				COPY_PHASE_STRIP = NO;
				DEBUG_INFORMATION_FORMAT = dwarf;
				ENABLE_STRICT_OBJC_MSGSEND = YES;
				ENABLE_TESTABILITY = YES;
				GCC_C_LANGUAGE_STANDARD = gnu11;
				GCC_DYNAMIC_NO_PIC = NO;
				GCC_NO_COMMON_BLOCKS = YES;
				GCC_OPTIMIZATION_LEVEL = 0;
				GCC_PREPROCESSOR_DEFINITIONS = (
					"DEBUG=1",
					"$(inherited)",
				);
				GCC_WARN_64_TO_32_BIT_CONVERSION = YES;
				GCC_WARN_ABOUT_RETURN_TYPE = YES_ERROR;
				GCC_WARN_UNDECLARED_SELECTOR = YES;
				GCC_WARN_UNINITIALIZED_AUTOS = YES_AGGRESSIVE;
				GCC_WARN_UNUSED_FUNCTION = YES;
				GCC_WARN_UNUSED_VARIABLE = YES;
				IPHONEOS_DEPLOYMENT_TARGET = 16.4;
				MTL_ENABLE_DEBUG_INFO = INCLUDE_SOURCE;
				MTL_FAST_MATH = YES;
				ONLY_ACTIVE_ARCH = YES;
				SDKROOT = iphoneos;
				SWIFT_ACTIVE_COMPILATION_CONDITIONS = DEBUG;
				SWIFT_OPTIMIZATION_LEVEL = "-Onone";
			};
			name = Debug;
		};
		10A231CD2A3C5D38009FC60E /* Release */ = {
			isa = XCBuildConfiguration;
			buildSettings = {
				ALWAYS_SEARCH_USER_PATHS = NO;
				CLANG_ANALYZER_NONNULL = YES;
				CLANG_ANALYZER_NUMBER_OBJECT_CONVERSION = YES_AGGRESSIVE;
				CLANG_CXX_LANGUAGE_STANDARD = "gnu++20";
				CLANG_ENABLE_MODULES = YES;
				CLANG_ENABLE_OBJC_ARC = YES;
				CLANG_ENABLE_OBJC_WEAK = YES;
				CLANG_WARN_BLOCK_CAPTURE_AUTORELEASING = YES;
				CLANG_WARN_BOOL_CONVERSION = YES;
				CLANG_WARN_COMMA = YES;
				CLANG_WARN_CONSTANT_CONVERSION = YES;
				CLANG_WARN_DEPRECATED_OBJC_IMPLEMENTATIONS = YES;
				CLANG_WARN_DIRECT_OBJC_ISA_USAGE = YES_ERROR;
				CLANG_WARN_DOCUMENTATION_COMMENTS = YES;
				CLANG_WARN_EMPTY_BODY = YES;
				CLANG_WARN_ENUM_CONVERSION = YES;
				CLANG_WARN_INFINITE_RECURSION = YES;
				CLANG_WARN_INT_CONVERSION = YES;
				CLANG_WARN_NON_LITERAL_NULL_CONVERSION = YES;
				CLANG_WARN_OBJC_IMPLICIT_RETAIN_SELF = YES;
				CLANG_WARN_OBJC_LITERAL_CONVERSION = YES;
				CLANG_WARN_OBJC_ROOT_CLASS = YES_ERROR;
				CLANG_WARN_QUOTED_INCLUDE_IN_FRAMEWORK_HEADER = YES;
				CLANG_WARN_RANGE_LOOP_ANALYSIS = YES;
				CLANG_WARN_STRICT_PROTOTYPES = YES;
				CLANG_WARN_SUSPICIOUS_MOVE = YES;
				CLANG_WARN_UNGUARDED_AVAILABILITY = YES_AGGRESSIVE;
				CLANG_WARN_UNREACHABLE_CODE = YES;
				CLANG_WARN__DUPLICATE_METHOD_MATCH = YES;
				COPY_PHASE_STRIP = NO;
				DEBUG_INFORMATION_FORMAT = "dwarf-with-dsym";
				ENABLE_NS_ASSERTIONS = NO;
				ENABLE_STRICT_OBJC_MSGSEND = YES;
				GCC_C_LANGUAGE_STANDARD = gnu11;
				GCC_NO_COMMON_BLOCKS = YES;
				GCC_WARN_64_TO_32_BIT_CONVERSION = YES;
				GCC_WARN_ABOUT_RETURN_TYPE = YES_ERROR;
				GCC_WARN_UNDECLARED_SELECTOR = YES;
				GCC_WARN_UNINITIALIZED_AUTOS = YES_AGGRESSIVE;
				GCC_WARN_UNUSED_FUNCTION = YES;
				GCC_WARN_UNUSED_VARIABLE = YES;
				IPHONEOS_DEPLOYMENT_TARGET = 16.4;
				MTL_ENABLE_DEBUG_INFO = NO;
				MTL_FAST_MATH = YES;
				SDKROOT = iphoneos;
				SWIFT_COMPILATION_MODE = wholemodule;
				SWIFT_OPTIMIZATION_LEVEL = "-O";
				VALIDATE_PRODUCT = YES;
			};
			name = Release;
		};
		10A231CF2A3C5D38009FC60E /* Debug */ = {
			isa = XCBuildConfiguration;
			buildSettings = {
				ASSETCATALOG_COMPILER_APPICON_NAME = AppIcon;
				ASSETCATALOG_COMPILER_GLOBAL_ACCENT_COLOR_NAME = AccentColor;
				ASSETCATALOG_COMPILER_INCLUDE_ALL_APPICON_ASSETS = YES;
				CODE_SIGN_STYLE = Automatic;
				CURRENT_PROJECT_VERSION = 1;
				DEVELOPMENT_ASSET_PATHS = "\"MovieApp/Preview Content\"";
				DEVELOPMENT_TEAM = K9T9S7CL7K;
				ENABLE_PREVIEWS = YES;
				GENERATE_INFOPLIST_FILE = YES;
				INFOPLIST_KEY_CFBundleDisplayName = MovieApp;
				INFOPLIST_KEY_LSApplicationCategoryType = "public.app-category.lifestyle";
				INFOPLIST_KEY_UIApplicationSceneManifest_Generation = YES;
				INFOPLIST_KEY_UIApplicationSupportsIndirectInputEvents = YES;
				INFOPLIST_KEY_UILaunchScreen_Generation = YES;
				INFOPLIST_KEY_UISupportedInterfaceOrientations_iPad = "UIInterfaceOrientationPortrait UIInterfaceOrientationPortraitUpsideDown UIInterfaceOrientationLandscapeLeft UIInterfaceOrientationLandscapeRight";
				INFOPLIST_KEY_UISupportedInterfaceOrientations_iPhone = "UIInterfaceOrientationPortrait UIInterfaceOrientationLandscapeLeft UIInterfaceOrientationLandscapeRight";
				LD_RUNPATH_SEARCH_PATHS = (
					"$(inherited)",
					"@executable_path/Frameworks",
				);
				MARKETING_VERSION = 1.1;
				PRODUCT_BUNDLE_IDENTIFIER = com.ozanbilgili.MovieApp;
				PRODUCT_NAME = "$(TARGET_NAME)";
				SWIFT_EMIT_LOC_STRINGS = YES;
				SWIFT_VERSION = 5.0;
				TARGETED_DEVICE_FAMILY = "1,2";
			};
			name = Debug;
		};
		10A231D02A3C5D38009FC60E /* Release */ = {
			isa = XCBuildConfiguration;
			buildSettings = {
				ASSETCATALOG_COMPILER_APPICON_NAME = AppIcon;
				ASSETCATALOG_COMPILER_GLOBAL_ACCENT_COLOR_NAME = AccentColor;
				ASSETCATALOG_COMPILER_INCLUDE_ALL_APPICON_ASSETS = YES;
				CODE_SIGN_STYLE = Automatic;
				CURRENT_PROJECT_VERSION = 1;
				DEVELOPMENT_ASSET_PATHS = "\"MovieApp/Preview Content\"";
				DEVELOPMENT_TEAM = K9T9S7CL7K;
				ENABLE_PREVIEWS = YES;
				GENERATE_INFOPLIST_FILE = YES;
				INFOPLIST_KEY_CFBundleDisplayName = MovieApp;
				INFOPLIST_KEY_LSApplicationCategoryType = "public.app-category.lifestyle";
				INFOPLIST_KEY_UIApplicationSceneManifest_Generation = YES;
				INFOPLIST_KEY_UIApplicationSupportsIndirectInputEvents = YES;
				INFOPLIST_KEY_UILaunchScreen_Generation = YES;
				INFOPLIST_KEY_UISupportedInterfaceOrientations_iPad = "UIInterfaceOrientationPortrait UIInterfaceOrientationPortraitUpsideDown UIInterfaceOrientationLandscapeLeft UIInterfaceOrientationLandscapeRight";
				INFOPLIST_KEY_UISupportedInterfaceOrientations_iPhone = "UIInterfaceOrientationPortrait UIInterfaceOrientationLandscapeLeft UIInterfaceOrientationLandscapeRight";
				LD_RUNPATH_SEARCH_PATHS = (
					"$(inherited)",
					"@executable_path/Frameworks",
				);
				MARKETING_VERSION = 1.1;
				PRODUCT_BUNDLE_IDENTIFIER = com.ozanbilgili.MovieApp;
				PRODUCT_NAME = "$(TARGET_NAME)";
				SWIFT_EMIT_LOC_STRINGS = YES;
				SWIFT_VERSION = 5.0;
				TARGETED_DEVICE_FAMILY = "1,2";
			};
			name = Release;
		};
/* End XCBuildConfiguration section */

/* Begin XCConfigurationList section */
		10A231BB2A3C5D36009FC60E /* Build configuration list for PBXProject "MovieApp" */ = {
			isa = XCConfigurationList;
			buildConfigurations = (
				10A231CC2A3C5D38009FC60E /* Debug */,
				10A231CD2A3C5D38009FC60E /* Release */,
			);
			defaultConfigurationIsVisible = 0;
			defaultConfigurationName = Release;
		};
		10A231CE2A3C5D38009FC60E /* Build configuration list for PBXNativeTarget "MovieApp" */ = {
			isa = XCConfigurationList;
			buildConfigurations = (
				10A231CF2A3C5D38009FC60E /* Debug */,
				10A231D02A3C5D38009FC60E /* Release */,
			);
			defaultConfigurationIsVisible = 0;
			defaultConfigurationName = Release;
		};
/* End XCConfigurationList section */

/* Begin XCVersionGroup section */
		109087562A3CE0CB00DD2C2D /* Movie.xcdatamodeld */ = {
			isa = XCVersionGroup;
			children = (
				109087572A3CE0CB00DD2C2D /* Movie.xcdatamodel */,
			);
			currentVersion = 109087572A3CE0CB00DD2C2D /* Movie.xcdatamodel */;
			path = Movie.xcdatamodeld;
			sourceTree = "<group>";
			versionGroupType = wrapper.xcdatamodel;
		};
/* End XCVersionGroup section */
	};
	rootObject = 10A231B82A3C5D36009FC60E /* Project object */;
}
